
Microsoft Visual Studio Solution File, Format Version 12.00
# Visual Studio 15
VisualStudioVersion = 15.0.27130.2024
MinimumVisualStudioVersion = 10.0.40219.1
Project("{2150E333-8FDC-42A3-9474-1A3956D46DE8}") = ".environment", ".environment", "{7864A969-9C70-4F93-81C0-CC9640384545}"
	ProjectSection(SolutionItems) = preProject
		..\.secrets.cfg = ..\.secrets.cfg
		..\.gitignore = ..\.gitignore
		..\Directory.Packages.props = ..\Directory.Packages.props
		..\Directory.Build.props = ..\Directory.Build.props
		..\Directory.Build.targets = ..\Directory.Build.targets
		..\settings.cfg = ..\settings.cfg
		..\.env = ..\.env
		..\global.json = ..\global.json
		..\nuget.config = ..\nuget.config
		..\paket.dependencies = ..\paket.dependencies
		..\PublicAssembly.props = ..\PublicAssembly.props
	EndProjectSection
EndProject
Project("{2150E333-8FDC-42A3-9474-1A3956D46DE8}") = ".resources", ".resources", "{A586E2A2-0232-46D1-9AFF-4ABA87D284B3}"
	ProjectSection(SolutionItems) = preProject
		..\CHANGES.md = ..\CHANGES.md
		..\LICENSE = ..\LICENSE
		..\README.md = ..\README.md
	EndProjectSection
EndProject
Project("{FAE04EC0-301F-11D3-BF4B-00C04F79EFBC}") = "_build", "..\.nuke\build\_build.csproj", "{7DBAA368-D50F-48C0-98D3-84BC566B51FF}"
EndProject
Project("{9A19103F-16F7-4668-BE54-9A1E7A4F7556}") = "K4os.Streams", "K4os.Streams\K4os.Streams.csproj", "{EEBA59C0-11E7-452E-AB52-D3A82E67342A}"
EndProject
Project("{FAE04EC0-301F-11D3-BF4B-00C04F79EFBC}") = "K4os.Streams.Tests", "K4os.Streams.Tests\K4os.Streams.Tests.csproj", "{EFE3ABC9-8220-47DC-A6AB-4230F58F3648}"
EndProject
Project("{FAE04EC0-301F-11D3-BF4B-00C04F79EFBC}") = "K4os.Streams.App", "K4os.Streams.App\K4os.Streams.App.csproj", "{9731765F-51D5-4AC2-9931-211F7F0363A2}"
EndProject
Global
	GlobalSection(SolutionConfigurationPlatforms) = preSolution
		Debug|Any CPU = Debug|Any CPU
		Release|Any CPU = Release|Any CPU
	EndGlobalSection
	GlobalSection(ProjectConfigurationPlatforms) = postSolution
		{EEBA59C0-11E7-452E-AB52-D3A82E67342A}.Debug|Any CPU.ActiveCfg = Debug|Any CPU
		{EEBA59C0-11E7-452E-AB52-D3A82E67342A}.Debug|Any CPU.Build.0 = Debug|Any CPU
		{EEBA59C0-11E7-452E-AB52-D3A82E67342A}.Release|Any CPU.ActiveCfg = Release|Any CPU
		{EEBA59C0-11E7-452E-AB52-D3A82E67342A}.Release|Any CPU.Build.0 = Release|Any CPU
		{EFE3ABC9-8220-47DC-A6AB-4230F58F3648}.Debug|Any CPU.ActiveCfg = Debug|Any CPU
		{EFE3ABC9-8220-47DC-A6AB-4230F58F3648}.Debug|Any CPU.Build.0 = Debug|Any CPU
		{EFE3ABC9-8220-47DC-A6AB-4230F58F3648}.Release|Any CPU.ActiveCfg = Release|Any CPU
		{EFE3ABC9-8220-47DC-A6AB-4230F58F3648}.Release|Any CPU.Build.0 = Release|Any CPU
		{9731765F-51D5-4AC2-9931-211F7F0363A2}.Debug|Any CPU.ActiveCfg = Debug|Any CPU
		{9731765F-51D5-4AC2-9931-211F7F0363A2}.Debug|Any CPU.Build.0 = Debug|Any CPU
		{9731765F-51D5-4AC2-9931-211F7F0363A2}.Release|Any CPU.ActiveCfg = Release|Any CPU
		{9731765F-51D5-4AC2-9931-211F7F0363A2}.Release|Any CPU.Build.0 = Release|Any CPU
		{7DBAA368-D50F-48C0-98D3-84BC566B51FF}.Debug|Any CPU.ActiveCfg = Debug|Any CPU
		{7DBAA368-D50F-48C0-98D3-84BC566B51FF}.Release|Any CPU.ActiveCfg = Release|Any CPU
	EndGlobalSection
	GlobalSection(SolutionProperties) = preSolution
		HideSolutionNode = FALSE
	EndGlobalSection
	GlobalSection(ExtensibilityGlobals) = postSolution
		SolutionGuid = {88550B4A-8E28-48C0-86F1-0B97F064ED46}
	EndGlobalSection
	GlobalSection(NestedProjects) = preSolution
	EndGlobalSection
EndGlobal
